// !$*UTF8*$!
{
	archiveVersion = 1;
	classes = {
	};
	objectVersion = 50;
	objects = {

/* Begin PBXBuildFile section */
		D115E9EB2352FA8B001F8F05 /* AppDelegate.swift in Sources */ = {isa = PBXBuildFile; fileRef = D115E9EA2352FA8B001F8F05 /* AppDelegate.swift */; };
		D115E9ED2352FA8B001F8F05 /* SceneDelegate.swift in Sources */ = {isa = PBXBuildFile; fileRef = D115E9EC2352FA8B001F8F05 /* SceneDelegate.swift */; };
		D115E9EF2352FA8B001F8F05 /* ContentView.swift in Sources */ = {isa = PBXBuildFile; fileRef = D115E9EE2352FA8B001F8F05 /* ContentView.swift */; };
		D115E9F12352FA8C001F8F05 /* Assets.xcassets in Resources */ = {isa = PBXBuildFile; fileRef = D115E9F02352FA8C001F8F05 /* Assets.xcassets */; };
		D115E9F42352FA8C001F8F05 /* Preview Assets.xcassets in Resources */ = {isa = PBXBuildFile; fileRef = D115E9F32352FA8C001F8F05 /* Preview Assets.xcassets */; };
		D115E9F72352FA8C001F8F05 /* LaunchScreen.storyboard in Resources */ = {isa = PBXBuildFile; fileRef = D115E9F52352FA8C001F8F05 /* LaunchScreen.storyboard */; };
/* End PBXBuildFile section */

/* Begin PBXFileReference section */
		D115E9E72352FA8B001F8F05 /* KFCrashSample.app */ = {isa = PBXFileReference; explicitFileType = wrapper.application; includeInIndex = 0; path = KFCrashSample.app; sourceTree = BUILT_PRODUCTS_DIR; };
		D115E9EA2352FA8B001F8F05 /* AppDelegate.swift */ = {isa = PBXFileReference; lastKnownFileType = sourcecode.swift; path = AppDelegate.swift; sourceTree = "<group>"; };
		D115E9EC2352FA8B001F8F05 /* SceneDelegate.swift */ = {isa = PBXFileReference; lastKnownFileType = sourcecode.swift; path = SceneDelegate.swift; sourceTree = "<group>"; };
		D115E9EE2352FA8B001F8F05 /* ContentView.swift */ = {isa = PBXFileReference; lastKnownFileType = sourcecode.swift; path = ContentView.swift; sourceTree = "<group>"; };
		D115E9F02352FA8C001F8F05 /* Assets.xcassets */ = {isa = PBXFileReference; lastKnownFileType = folder.assetcatalog; path = Assets.xcassets; sourceTree = "<group>"; };
		D115E9F32352FA8C001F8F05 /* Preview Assets.xcassets */ = {isa = PBXFileReference; lastKnownFileType = folder.assetcatalog; path = "Preview Assets.xcassets"; sourceTree = "<group>"; };
		D115E9F62352FA8C001F8F05 /* Base */ = {isa = PBXFileReference; lastKnownFileType = file.storyboard; name = Base; path = Base.lproj/LaunchScreen.storyboard; sourceTree = "<group>"; };
		D115E9F82352FA8C001F8F05 /* Info.plist */ = {isa = PBXFileReference; lastKnownFileType = text.plist.xml; path = Info.plist; sourceTree = "<group>"; };
/* End PBXFileReference section */

/* Begin PBXFrameworksBuildPhase section */
		D115E9E42352FA8B001F8F05 /* Frameworks */ = {
			isa = PBXFrameworksBuildPhase;
			buildActionMask = 2147483647;
			files = (
			);
			runOnlyForDeploymentPostprocessing = 0;
		};
/* End PBXFrameworksBuildPhase section */

/* Begin PBXGroup section */
		D115E9DE2352FA8B001F8F05 = {
			isa = PBXGroup;
			children = (
				D115E9E92352FA8B001F8F05 /* KFCrashSample */,
				D115E9E82352FA8B001F8F05 /* Products */,
			);
			sourceTree = "<group>";
		};
		D115E9E82352FA8B001F8F05 /* Products */ = {
			isa = PBXGroup;
			children = (
				D115E9E72352FA8B001F8F05 /* KFCrashSample.app */,
			);
			name = Products;
			sourceTree = "<group>";
		};
		D115E9E92352FA8B001F8F05 /* KFCrashSample */ = {
			isa = PBXGroup;
			children = (
				D115E9EA2352FA8B001F8F05 /* AppDelegate.swift */,
				D115E9EC2352FA8B001F8F05 /* SceneDelegate.swift */,
				D115E9EE2352FA8B001F8F05 /* ContentView.swift */,
				D115E9F02352FA8C001F8F05 /* Assets.xcassets */,
				D115E9F52352FA8C001F8F05 /* LaunchScreen.storyboard */,
				D115E9F82352FA8C001F8F05 /* Info.plist */,
				D115E9F22352FA8C001F8F05 /* Preview Content */,
			);
			path = KFCrashSample;
			sourceTree = "<group>";
		};
		D115E9F22352FA8C001F8F05 /* Preview Content */ = {
			isa = PBXGroup;
			children = (
				D115E9F32352FA8C001F8F05 /* Preview Assets.xcassets */,
			);
			path = "Preview Content";
			sourceTree = "<group>";
		};
/* End PBXGroup section */

/* Begin PBXNativeTarget section */
		D115E9E62352FA8B001F8F05 /* KFCrashSample */ = {
			isa = PBXNativeTarget;
			buildConfigurationList = D115E9FB2352FA8C001F8F05 /* Build configuration list for PBXNativeTarget "KFCrashSample" */;
			buildPhases = (
				D115E9E32352FA8B001F8F05 /* Sources */,
				D115E9E42352FA8B001F8F05 /* Frameworks */,
				D115E9E52352FA8B001F8F05 /* Resources */,
			);
			buildRules = (
			);
			dependencies = (
			);
			name = KFCrashSample;
			productName = KFCrashSample;
			productReference = D115E9E72352FA8B001F8F05 /* KFCrashSample.app */;
			productType = "com.apple.product-type.application";
		};
/* End PBXNativeTarget section */

/* Begin PBXProject section */
		D115E9DF2352FA8B001F8F05 /* Project object */ = {
			isa = PBXProject;
			attributes = {
				LastSwiftUpdateCheck = 1120;
				LastUpgradeCheck = 1120;
				ORGANIZATIONNAME = "OneV's Den";
				TargetAttributes = {
					D115E9E62352FA8B001F8F05 = {
						CreatedOnToolsVersion = 11.2;
					};
				};
			};
			buildConfigurationList = D115E9E22352FA8B001F8F05 /* Build configuration list for PBXProject "KFCrashSample" */;
			compatibilityVersion = "Xcode 9.3";
			developmentRegion = en;
			hasScannedForEncodings = 0;
			knownRegions = (
				en,
				Base,
			);
			mainGroup = D115E9DE2352FA8B001F8F05;
			productRefGroup = D115E9E82352FA8B001F8F05 /* Products */;
			projectDirPath = "";
			projectRoot = "";
			targets = (
				D115E9E62352FA8B001F8F05 /* KFCrashSample */,
			);
		};
/* End PBXProject section */

/* Begin PBXResourcesBuildPhase section */
		D115E9E52352FA8B001F8F05 /* Resources */ = {
			isa = PBXResourcesBuildPhase;
			buildActionMask = 2147483647;
			files = (
				D115E9F72352FA8C001F8F05 /* LaunchScreen.storyboard in Resources */,
				D115E9F42352FA8C001F8F05 /* Preview Assets.xcassets in Resources */,
				D115E9F12352FA8C001F8F05 /* Assets.xcassets in Resources */,
			);
			runOnlyForDeploymentPostprocessing = 0;
		};
/* End PBXResourcesBuildPhase section */

/* Begin PBXSourcesBuildPhase section */
		D115E9E32352FA8B001F8F05 /* Sources */ = {
			isa = PBXSourcesBuildPhase;
			buildActionMask = 2147483647;
			files = (
				D115E9EB2352FA8B001F8F05 /* AppDelegate.swift in Sources */,
				D115E9ED2352FA8B001F8F05 /* SceneDelegate.swift in Sources */,
				D115E9EF2352FA8B001F8F05 /* ContentView.swift in Sources */,
			);
			runOnlyForDeploymentPostprocessing = 0;
		};
/* End PBXSourcesBuildPhase section */

/* Begin PBXVariantGroup section */
		D115E9F52352FA8C001F8F05 /* LaunchScreen.storyboard */ = {
			isa = PBXVariantGroup;
			children = (
				D115E9F62352FA8C001F8F05 /* Base */,
			);
			name = LaunchScreen.storyboard;
			sourceTree = "<group>";
		};
/* End PBXVariantGroup section */

/* Begin XCBuildConfiguration section */
		D115E9F92352FA8C001F8F05 /* Debug */ = {
			isa = XCBuildConfiguration;
			buildSettings = {
				ALWAYS_SEARCH_USER_PATHS = NO;
				CLANG_ANALYZER_NONNULL = YES;
				CLANG_ANALYZER_NUMBER_OBJECT_CONVERSION = YES_AGGRESSIVE;
				CLANG_CXX_LANGUAGE_STANDARD = "gnu++14";
				CLANG_CXX_LIBRARY = "libc++";
				CLANG_ENABLE_MODULES = YES;
				CLANG_ENABLE_OBJC_ARC = YES;
				CLANG_ENABLE_OBJC_WEAK = YES;
				CLANG_WARN_BLOCK_CAPTURE_AUTORELEASING = YES;
				CLANG_WARN_BOOL_CONVERSION = YES;
				CLANG_WARN_COMMA = YES;
				CLANG_WARN_CONSTANT_CONVERSION = YES;
				CLANG_WARN_DEPRECATED_OBJC_IMPLEMENTATIONS = YES;
				CLANG_WARN_DIRECT_OBJC_ISA_USAGE = YES_ERROR;
				CLANG_WARN_DOCUMENTATION_COMMENTS = YES;
				CLANG_WARN_EMPTY_BODY = YES;
				CLANG_WARN_ENUM_CONVERSION = YES;
				CLANG_WARN_INFINITE_RECURSION = YES;
				CLANG_WARN_INT_CONVERSION = YES;
				CLANG_WARN_NON_LITERAL_NULL_CONVERSION = YES;
				CLANG_WARN_OBJC_IMPLICIT_RETAIN_SELF = YES;
				CLANG_WARN_OBJC_LITERAL_CONVERSION = YES;
				CLANG_WARN_OBJC_ROOT_CLASS = YES_ERROR;
				CLANG_WARN_RANGE_LOOP_ANALYSIS = YES;
				CLANG_WARN_STRICT_PROTOTYPES = YES;
				CLANG_WARN_SUSPICIOUS_MOVE = YES;
				CLANG_WARN_UNGUARDED_AVAILABILITY = YES_AGGRESSIVE;
				CLANG_WARN_UNREACHABLE_CODE = YES;
				CLANG_WARN__DUPLICATE_METHOD_MATCH = YES;
				COPY_PHASE_STRIP = NO;
				DEBUG_INFORMATION_FORMAT = dwarf;
				ENABLE_STRICT_OBJC_MSGSEND = YES;
				ENABLE_TESTABILITY = YES;
				GCC_C_LANGUAGE_STANDARD = gnu11;
				GCC_DYNAMIC_NO_PIC = NO;
				GCC_NO_COMMON_BLOCKS = YES;
				GCC_OPTIMIZATION_LEVEL = 0;
				GCC_PREPROCESSOR_DEFINITIONS = (
					"DEBUG=1",
					"$(inherited)",
				);
				GCC_WARN_64_TO_32_BIT_CONVERSION = YES;
				GCC_WARN_ABOUT_RETURN_TYPE = YES_ERROR;
				GCC_WARN_UNDECLARED_SELECTOR = YES;
				GCC_WARN_UNINITIALIZED_AUTOS = YES_AGGRESSIVE;
				GCC_WARN_UNUSED_FUNCTION = YES;
				GCC_WARN_UNUSED_VARIABLE = YES;
				IPHONEOS_DEPLOYMENT_TARGET = 13.2;
				MTL_ENABLE_DEBUG_INFO = INCLUDE_SOURCE;
				MTL_FAST_MATH = YES;
				ONLY_ACTIVE_ARCH = YES;
				SDKROOT = iphoneos;
				SWIFT_ACTIVE_COMPILATION_CONDITIONS = DEBUG;
				SWIFT_OPTIMIZATION_LEVEL = "-Onone";
			};
			name = Debug;
		};
		D115E9FA2352FA8C001F8F05 /* Release */ = {
			isa = XCBuildConfiguration;
			buildSettings = {
				ALWAYS_SEARCH_USER_PATHS = NO;
				CLANG_ANALYZER_NONNULL = YES;
				CLANG_ANALYZER_NUMBER_OBJECT_CONVERSION = YES_AGGRESSIVE;
				CLANG_CXX_LANGUAGE_STANDARD = "gnu++14";
				CLANG_CXX_LIBRARY = "libc++";
				CLANG_ENABLE_MODULES = YES;
				CLANG_ENABLE_OBJC_ARC = YES;
				CLANG_ENABLE_OBJC_WEAK = YES;
				CLANG_WARN_BLOCK_CAPTURE_AUTORELEASING = YES;
				CLANG_WARN_BOOL_CONVERSION = YES;
				CLANG_WARN_COMMA = YES;
				CLANG_WARN_CONSTANT_CONVERSION = YES;
				CLANG_WARN_DEPRECATED_OBJC_IMPLEMENTATIONS = YES;
				CLANG_WARN_DIRECT_OBJC_ISA_USAGE = YES_ERROR;
				CLANG_WARN_DOCUMENTATION_COMMENTS = YES;
				CLANG_WARN_EMPTY_BODY = YES;
				CLANG_WARN_ENUM_CONVERSION = YES;
				CLANG_WARN_INFINITE_RECURSION = YES;
				CLANG_WARN_INT_CONVERSION = YES;
				CLANG_WARN_NON_LITERAL_NULL_CONVERSION = YES;
				CLANG_WARN_OBJC_IMPLICIT_RETAIN_SELF = YES;
				CLANG_WARN_OBJC_LITERAL_CONVERSION = YES;
				CLANG_WARN_OBJC_ROOT_CLASS = YES_ERROR;
				CLANG_WARN_RANGE_LOOP_ANALYSIS = YES;
				CLANG_WARN_STRICT_PROTOTYPES = YES;
				CLANG_WARN_SUSPICIOUS_MOVE = YES;
				CLANG_WARN_UNGUARDED_AVAILABILITY = YES_AGGRESSIVE;
				CLANG_WARN_UNREACHABLE_CODE = YES;
				CLANG_WARN__DUPLICATE_METHOD_MATCH = YES;
				COPY_PHASE_STRIP = NO;
				DEBUG_INFORMATION_FORMAT = "dwarf-with-dsym";
				ENABLE_NS_ASSERTIONS = NO;
				ENABLE_STRICT_OBJC_MSGSEND = YES;
				GCC_C_LANGUAGE_STANDARD = gnu11;
				GCC_NO_COMMON_BLOCKS = YES;
				GCC_WARN_64_TO_32_BIT_CONVERSION = YES;
				GCC_WARN_ABOUT_RETURN_TYPE = YES_ERROR;
				GCC_WARN_UNDECLARED_SELECTOR = YES;
				GCC_WARN_UNINITIALIZED_AUTOS = YES_AGGRESSIVE;
				GCC_WARN_UNUSED_FUNCTION = YES;
				GCC_WARN_UNUSED_VARIABLE = YES;
				IPHONEOS_DEPLOYMENT_TARGET = 13.2;
				MTL_ENABLE_DEBUG_INFO = NO;
				MTL_FAST_MATH = YES;
				SDKROOT = iphoneos;
				SWIFT_COMPILATION_MODE = wholemodule;
				SWIFT_OPTIMIZATION_LEVEL = "-O";
				VALIDATE_PRODUCT = YES;
			};
			name = Release;
		};
		D115E9FC2352FA8C001F8F05 /* Debug */ = {
			isa = XCBuildConfiguration;
			buildSettings = {
				ASSETCATALOG_COMPILER_APPICON_NAME = AppIcon;
				CODE_SIGN_STYLE = Automatic;
				DEVELOPMENT_ASSET_PATHS = "\"KFCrashSample/Preview Content\"";
				DEVELOPMENT_TEAM = A4YJ9MRZ66;
				ENABLE_PREVIEWS = YES;
				INFOPLIST_FILE = KFCrashSample/Info.plist;
				LD_RUNPATH_SEARCH_PATHS = (
					"$(inherited)",
					"@executable_path/Frameworks",
				);
				PRODUCT_BUNDLE_IDENTIFIER = com.onevcat.KFCrashSample;
				PRODUCT_NAME = "$(TARGET_NAME)";
				SWIFT_VERSION = 5.0;
				TARGETED_DEVICE_FAMILY = "1,2";
			};
			name = Debug;
		};
		D115E9FD2352FA8C001F8F05 /* Release */ = {
			isa = XCBuildConfiguration;
			buildSettings = {
				ASSETCATALOG_COMPILER_APPICON_NAME = AppIcon;
				CODE_SIGN_STYLE = Automatic;
				DEVELOPMENT_ASSET_PATHS = "\"KFCrashSample/Preview Content\"";
				DEVELOPMENT_TEAM = A4YJ9MRZ66;
				ENABLE_PREVIEWS = YES;
				INFOPLIST_FILE = KFCrashSample/Info.plist;
				LD_RUNPATH_SEARCH_PATHS = (
					"$(inherited)",
					"@executable_path/Frameworks",
				);
				PRODUCT_BUNDLE_IDENTIFIER = com.onevcat.KFCrashSample;
				PRODUCT_NAME = "$(TARGET_NAME)";
				SWIFT_VERSION = 5.0;
				TARGETED_DEVICE_FAMILY = "1,2";
			};
			name = Release;
		};
/* End XCBuildConfiguration section */

/* Begin XCConfigurationList section */
		D115E9E22352FA8B001F8F05 /* Build configuration list for PBXProject "KFCrashSample" */ = {
			isa = XCConfigurationList;
			buildConfigurations = (
				D115E9F92352FA8C001F8F05 /* Debug */,
				D115E9FA2352FA8C001F8F05 /* Release */,
			);
			defaultConfigurationIsVisible = 0;
			defaultConfigurationName = Release;
		};
		D115E9FB2352FA8C001F8F05 /* Build configuration list for PBXNativeTarget "KFCrashSample" */ = {
			isa = XCConfigurationList;
			buildConfigurations = (
				D115E9FC2352FA8C001F8F05 /* Debug */,
				D115E9FD2352FA8C001F8F05 /* Release */,
			);
			defaultConfigurationIsVisible = 0;
			defaultConfigurationName = Release;
		};
/* End XCConfigurationList section */
	};
	rootObject = D115E9DF2352FA8B001F8F05 /* Project object */;
}
